
Microsoft Visual Studio Solution File, Format Version 11.00
# Visual Studio 2010
Project("{FAE04EC0-301F-11D3-BF4B-00C04F79EFBC}") = "Assembly-CSharp", "Assembly-CSharp.csproj", "{CE422483-5535-1CE8-4BF7-7975F7B54B4C}"
EndProject
Global
	GlobalSection(SolutionConfigurationPlatforms) = preSolution
		Debug|Any CPU = Debug|Any CPU
		Release|Any CPU = Release|Any CPU
	EndGlobalSection
	GlobalSection(ProjectConfigurationPlatforms) = postSolution
		{CE422483-5535-1CE8-4BF7-7975F7B54B4C}.Debug|Any CPU.ActiveCfg = Debug|Any CPU
		{CE422483-5535-1CE8-4BF7-7975F7B54B4C}.Debug|Any CPU.Build.0 = Debug|Any CPU
		{CE422483-5535-1CE8-4BF7-7975F7B54B4C}.Release|Any CPU.ActiveCfg = Release|Any CPU
		{CE422483-5535-1CE8-4BF7-7975F7B54B4C}.Release|Any CPU.Build.0 = Release|Any CPU
	EndGlobalSection
	GlobalSection(SolutionProperties) = preSolution
		HideSolutionNode = FALSE
	EndGlobalSection
EndGlobal
